
Microsoft Visual Studio Solution File, Format Version 12.00
# Visual Studio Version 16
VisualStudioVersion = 16.0.32510.428
MinimumVisualStudioVersion = 10.0.40219.1
Project("{2150E333-8FDC-42A3-9474-1A3956D46DE8}") = "Services", "Services", "{97775A67-2E60-42B0-9F8B-A8AFAEDD2535}"
EndProject
Project("{2150E333-8FDC-42A3-9474-1A3956D46DE8}") = "Catalog", "Catalog", "{6DAB581C-7397-4F91-9952-A94644EAA85C}"
EndProject
Project("{FAE04EC0-301F-11D3-BF4B-00C04F79EFBC}") = "Catalog.API", "Services\Catalog\Catalog.API\Catalog.API.csproj", "{FF735E6B-96EB-4AAB-8EE4-EDD3D5679508}"
EndProject
Global
	GlobalSection(SolutionConfigurationPlatforms) = preSolution
		Debug|Any CPU = Debug|Any CPU
		Release|Any CPU = Release|Any CPU
	EndGlobalSection
	GlobalSection(ProjectConfigurationPlatforms) = postSolution
		{FF735E6B-96EB-4AAB-8EE4-EDD3D5679508}.Debug|Any CPU.ActiveCfg = Debug|Any CPU
		{FF735E6B-96EB-4AAB-8EE4-EDD3D5679508}.Debug|Any CPU.Build.0 = Debug|Any CPU
		{FF735E6B-96EB-4AAB-8EE4-EDD3D5679508}.Release|Any CPU.ActiveCfg = Release|Any CPU
		{FF735E6B-96EB-4AAB-8EE4-EDD3D5679508}.Release|Any CPU.Build.0 = Release|Any CPU
	EndGlobalSection
	GlobalSection(SolutionProperties) = preSolution
		HideSolutionNode = FALSE
	EndGlobalSection
	GlobalSection(NestedProjects) = preSolution
		{6DAB581C-7397-4F91-9952-A94644EAA85C} = {97775A67-2E60-42B0-9F8B-A8AFAEDD2535}
		{FF735E6B-96EB-4AAB-8EE4-EDD3D5679508} = {6DAB581C-7397-4F91-9952-A94644EAA85C}
	EndGlobalSection
	GlobalSection(ExtensibilityGlobals) = postSolution
		SolutionGuid = {7711D8E7-1AA1-4336-AEBA-428B3363E490}
	EndGlobalSection
EndGlobal
